string ToTranslate;
            string Translate = "";
            //ignore these ones I was just lazy and didn't want to change the name
            string key = "abcdefghijklmnopqrstuvwxyz";
            string numberkey = "1234567890";
            //insert your keys here so it works
            string alphabet = "";
            string numberalphabet = "";
            ToTranslate = Console.ReadLine();
            ToTranslate = ToTranslate.ToLower();
            do
            {
                if (ToTranslate[0] == alphabet[0])
                {
                    Translate = Translate + key[0];
                }
                else if (ToTranslate[0] == alphabet[1])
                {
                    Translate = Translate + key[1];
                }
                else if (ToTranslate[0] == alphabet[2])
                {
                    Translate = Translate + key[2];
                }
                else if (ToTranslate[0] == alphabet[3])
                {
                    Translate = Translate + key[3];
                }
                else if (ToTranslate[0] == alphabet[4])
                {
                    Translate = Translate + key[4];
                }
                else if (ToTranslate[0] == alphabet[5])
                {
                    Translate = Translate + key[5];
                }
                else if (ToTranslate[0] == alphabet[6])
                {
                    Translate = Translate + key[6];
                }
                else if (ToTranslate[0] == alphabet[7])
                {
                    Translate = Translate + key[7];
                }
                else if (ToTranslate[0] == alphabet[8])
                {
                    Translate = Translate + key[8];
                }
                else if (ToTranslate[0] == alphabet[9])
                {
                    Translate = Translate + key[9];
                }
                else if (ToTranslate[0] == alphabet[10])
                {
                    Translate = Translate + key[10];
                }
                else if (ToTranslate[0] == alphabet[11])
                {
                    Translate = Translate + key[11];
                }
                else if (ToTranslate[0] == alphabet[12])
                {
                    Translate = Translate + key[12];
                }
                else if (ToTranslate[0] == alphabet[13])
                {
                    Translate = Translate + key[13];
                }
                else if (ToTranslate[0] == alphabet[14])
                {
                    Translate = Translate + key[14];
                }
                else if (ToTranslate[0] == alphabet[15])
                {
                    Translate = Translate + key[15];
                }
                else if (ToTranslate[0] == alphabet[16])
                {
                    Translate = Translate + key[16];
                }
                else if (ToTranslate[0] == alphabet[17])
                {
                    Translate = Translate + key[17];
                }
                else if (ToTranslate[0] == alphabet[18])
                {
                    Translate = Translate + key[18];
                }
                else if (ToTranslate[0] == alphabet[19])
                {
                    Translate = Translate + key[19];
                }
                else if (ToTranslate[0] == alphabet[20])
                {
                    Translate = Translate + key[20];
                }
                else if (ToTranslate[0] == alphabet[21])
                {
                    Translate = Translate + key[21];
                }
                else if (ToTranslate[0] == alphabet[22])
                {
                    Translate = Translate + key[22];
                }
                else if (ToTranslate[0] == alphabet[23])
                {
                    Translate = Translate + key[23];
                }
                else if (ToTranslate[0] == alphabet[24])
                {
                    Translate = Translate + key[24];
                }
                else if (ToTranslate[0] == alphabet[25])
                {
                    Translate = Translate + key[25];
                }
                else if (ToTranslate[0] == ' ')
                {
                    Translate = Translate + " ";
                }
                else if (ToTranslate[0] == '?')
                {
                    Translate = Translate + "?";
                }
                else if (ToTranslate[0] == ',')
                {
                    Translate = Translate + ",";
                }
                else if (ToTranslate[0] == '\'')
                {
                    Translate = Translate + "'";
                }
                else if (ToTranslate[0] == '.')
                {
                    Translate = Translate + ".";
                }
                else if (ToTranslate[0] == '!')
                {
                    Translate = Translate + "!";
                }
                else if (ToTranslate[0] == ';')
                {
                    Translate = Translate + ";";
                }
                else if (ToTranslate[0] == '[')
                {
                    Translate = Translate + "[";
                }
                else if (ToTranslate[0] == ']')
                {
                    Translate = Translate + "]";
                }
                else if (ToTranslate[0] == '@')
                {
                    Translate = Translate + "@";
                }
                else if (ToTranslate[0] == '(')
                {
                    Translate = Translate + "(";
                }
                else if (ToTranslate[0] == ')')
                {
                    Translate = Translate + ")";
                }
                else if (ToTranslate[0] == '"')
                {
                    Translate = Translate + "\"";
                }
                else if (ToTranslate[0] == numberalphabet[0])
                {
                    Translate = Translate + numberkey[0];
                }
                else if (ToTranslate[0] == numberalphabet[1])
                {
                    Translate = Translate + numberkey[1];
                }
                else if (ToTranslate[0] == numberalphabet[2])
                {
                    Translate = Translate + numberkey[2];
                }
                else if (ToTranslate[0] == numberalphabet[3])
                {
                    Translate = Translate + numberkey[3];
                }
                else if (ToTranslate[0] == numberalphabet[4])
                {
                    Translate = Translate + numberkey[4];
                }
                else if (ToTranslate[0] == numberalphabet[5])
                {
                    Translate = Translate + numberkey[5];
                }
                else if (ToTranslate[0] == numberalphabet[6])
                {
                    Translate = Translate + numberkey[6];
                }
                else if (ToTranslate[0] == numberalphabet[7])
                {
                    Translate = Translate + numberkey[7];
                }
                else if (ToTranslate[0] == numberalphabet[8])
                {
                    Translate = Translate + numberkey[8];
                }
                else if (ToTranslate[0] == numberalphabet[9])
                {
                    Translate = Translate + numberkey[9];
                }
                ToTranslate = ToTranslate.Remove(0, 1);
            } while (ToTranslate != "");
            Console.WriteLine(Translate);
            Console.ReadLine();
